
Microsoft Visual Studio Solution File, Format Version 12.00
# Visual Studio Version 16
VisualStudioVersion = 16.0.29911.84
MinimumVisualStudioVersion = 10.0.40219.1
Project("{FAE04EC0-301F-11D3-BF4B-00C04F79EFBC}") = "examenDanielGalan.Android", "examenDanielGalan\examenDanielGalan.Android\examenDanielGalan.Android.csproj", "{8EFEBF69-69B8-4DF0-B9C5-B51F07299E52}"
EndProject
Project("{FAE04EC0-301F-11D3-BF4B-00C04F79EFBC}") = "examenDanielGalan.iOS", "examenDanielGalan\examenDanielGalan.iOS\examenDanielGalan.iOS.csproj", "{0D609FB6-ED0A-4F90-A087-F0854499A6CA}"
EndProject
Project("{FAE04EC0-301F-11D3-BF4B-00C04F79EFBC}") = "examenDanielGalan", "examenDanielGalan\examenDanielGalan\examenDanielGalan.csproj", "{ABC6FA7A-AF86-4750-B27B-8E2F7BD2DFF3}"
EndProject
Global
	GlobalSection(SolutionConfigurationPlatforms) = preSolution
		Debug|Any CPU = Debug|Any CPU
		Debug|iPhone = Debug|iPhone
		Debug|iPhoneSimulator = Debug|iPhoneSimulator
		Release|Any CPU = Release|Any CPU
		Release|iPhone = Release|iPhone
		Release|iPhoneSimulator = Release|iPhoneSimulator
	EndGlobalSection
	GlobalSection(ProjectConfigurationPlatforms) = postSolution
		{8EFEBF69-69B8-4DF0-B9C5-B51F07299E52}.Debug|Any CPU.ActiveCfg = Debug|Any CPU
		{8EFEBF69-69B8-4DF0-B9C5-B51F07299E52}.Debug|Any CPU.Build.0 = Debug|Any CPU
		{8EFEBF69-69B8-4DF0-B9C5-B51F07299E52}.Debug|Any CPU.Deploy.0 = Debug|Any CPU
		{8EFEBF69-69B8-4DF0-B9C5-B51F07299E52}.Debug|iPhone.ActiveCfg = Debug|Any CPU
		{8EFEBF69-69B8-4DF0-B9C5-B51F07299E52}.Debug|iPhone.Build.0 = Debug|Any CPU
		{8EFEBF69-69B8-4DF0-B9C5-B51F07299E52}.Debug|iPhone.Deploy.0 = Debug|Any CPU
		{8EFEBF69-69B8-4DF0-B9C5-B51F07299E52}.Debug|iPhoneSimulator.ActiveCfg = Debug|Any CPU
		{8EFEBF69-69B8-4DF0-B9C5-B51F07299E52}.Debug|iPhoneSimulator.Build.0 = Debug|Any CPU
		{8EFEBF69-69B8-4DF0-B9C5-B51F07299E52}.Debug|iPhoneSimulator.Deploy.0 = Debug|Any CPU
		{8EFEBF69-69B8-4DF0-B9C5-B51F07299E52}.Release|Any CPU.ActiveCfg = Release|Any CPU
		{8EFEBF69-69B8-4DF0-B9C5-B51F07299E52}.Release|Any CPU.Build.0 = Release|Any CPU
		{8EFEBF69-69B8-4DF0-B9C5-B51F07299E52}.Release|Any CPU.Deploy.0 = Release|Any CPU
		{8EFEBF69-69B8-4DF0-B9C5-B51F07299E52}.Release|iPhone.ActiveCfg = Release|Any CPU
		{8EFEBF69-69B8-4DF0-B9C5-B51F07299E52}.Release|iPhone.Build.0 = Release|Any CPU
		{8EFEBF69-69B8-4DF0-B9C5-B51F07299E52}.Release|iPhone.Deploy.0 = Release|Any CPU
		{8EFEBF69-69B8-4DF0-B9C5-B51F07299E52}.Release|iPhoneSimulator.ActiveCfg = Release|Any CPU
		{8EFEBF69-69B8-4DF0-B9C5-B51F07299E52}.Release|iPhoneSimulator.Build.0 = Release|Any CPU
		{8EFEBF69-69B8-4DF0-B9C5-B51F07299E52}.Release|iPhoneSimulator.Deploy.0 = Release|Any CPU
		{0D609FB6-ED0A-4F90-A087-F0854499A6CA}.Debug|Any CPU.ActiveCfg = Debug|iPhone
		{0D609FB6-ED0A-4F90-A087-F0854499A6CA}.Debug|Any CPU.Build.0 = Debug|iPhone
		{0D609FB6-ED0A-4F90-A087-F0854499A6CA}.Debug|Any CPU.Deploy.0 = Debug|iPhone
		{0D609FB6-ED0A-4F90-A087-F0854499A6CA}.Debug|iPhone.ActiveCfg = Debug|iPhone
		{0D609FB6-ED0A-4F90-A087-F0854499A6CA}.Debug|iPhone.Build.0 = Debug|iPhone
		{0D609FB6-ED0A-4F90-A087-F0854499A6CA}.Debug|iPhone.Deploy.0 = Debug|iPhone
		{0D609FB6-ED0A-4F90-A087-F0854499A6CA}.Debug|iPhoneSimulator.ActiveCfg = Debug|iPhoneSimulator
		{0D609FB6-ED0A-4F90-A087-F0854499A6CA}.Debug|iPhoneSimulator.Build.0 = Debug|iPhoneSimulator
		{0D609FB6-ED0A-4F90-A087-F0854499A6CA}.Debug|iPhoneSimulator.Deploy.0 = Debug|iPhoneSimulator
		{0D609FB6-ED0A-4F90-A087-F0854499A6CA}.Release|Any CPU.ActiveCfg = Release|iPhone
		{0D609FB6-ED0A-4F90-A087-F0854499A6CA}.Release|Any CPU.Build.0 = Release|iPhone
		{0D609FB6-ED0A-4F90-A087-F0854499A6CA}.Release|Any CPU.Deploy.0 = Release|iPhone
		{0D609FB6-ED0A-4F90-A087-F0854499A6CA}.Release|iPhone.ActiveCfg = Release|iPhone
		{0D609FB6-ED0A-4F90-A087-F0854499A6CA}.Release|iPhone.Build.0 = Release|iPhone
		{0D609FB6-ED0A-4F90-A087-F0854499A6CA}.Release|iPhone.Deploy.0 = Release|iPhone
		{0D609FB6-ED0A-4F90-A087-F0854499A6CA}.Release|iPhoneSimulator.ActiveCfg = Release|iPhoneSimulator
		{0D609FB6-ED0A-4F90-A087-F0854499A6CA}.Release|iPhoneSimulator.Build.0 = Release|iPhoneSimulator
		{0D609FB6-ED0A-4F90-A087-F0854499A6CA}.Release|iPhoneSimulator.Deploy.0 = Release|iPhoneSimulator
		{ABC6FA7A-AF86-4750-B27B-8E2F7BD2DFF3}.Debug|Any CPU.ActiveCfg = Debug|Any CPU
		{ABC6FA7A-AF86-4750-B27B-8E2F7BD2DFF3}.Debug|Any CPU.Build.0 = Debug|Any CPU
		{ABC6FA7A-AF86-4750-B27B-8E2F7BD2DFF3}.Debug|Any CPU.Deploy.0 = Debug|Any CPU
		{ABC6FA7A-AF86-4750-B27B-8E2F7BD2DFF3}.Debug|iPhone.ActiveCfg = Debug|Any CPU
		{ABC6FA7A-AF86-4750-B27B-8E2F7BD2DFF3}.Debug|iPhone.Build.0 = Debug|Any CPU
		{ABC6FA7A-AF86-4750-B27B-8E2F7BD2DFF3}.Debug|iPhone.Deploy.0 = Debug|Any CPU
		{ABC6FA7A-AF86-4750-B27B-8E2F7BD2DFF3}.Debug|iPhoneSimulator.ActiveCfg = Debug|Any CPU
		{ABC6FA7A-AF86-4750-B27B-8E2F7BD2DFF3}.Debug|iPhoneSimulator.Build.0 = Debug|Any CPU
		{ABC6FA7A-AF86-4750-B27B-8E2F7BD2DFF3}.Debug|iPhoneSimulator.Deploy.0 = Debug|Any CPU
		{ABC6FA7A-AF86-4750-B27B-8E2F7BD2DFF3}.Release|Any CPU.ActiveCfg = Release|Any CPU
		{ABC6FA7A-AF86-4750-B27B-8E2F7BD2DFF3}.Release|Any CPU.Build.0 = Release|Any CPU
		{ABC6FA7A-AF86-4750-B27B-8E2F7BD2DFF3}.Release|Any CPU.Deploy.0 = Release|Any CPU
		{ABC6FA7A-AF86-4750-B27B-8E2F7BD2DFF3}.Release|iPhone.ActiveCfg = Release|Any CPU
		{ABC6FA7A-AF86-4750-B27B-8E2F7BD2DFF3}.Release|iPhone.Build.0 = Release|Any CPU
		{ABC6FA7A-AF86-4750-B27B-8E2F7BD2DFF3}.Release|iPhone.Deploy.0 = Release|Any CPU
		{ABC6FA7A-AF86-4750-B27B-8E2F7BD2DFF3}.Release|iPhoneSimulator.ActiveCfg = Release|Any CPU
		{ABC6FA7A-AF86-4750-B27B-8E2F7BD2DFF3}.Release|iPhoneSimulator.Build.0 = Release|Any CPU
		{ABC6FA7A-AF86-4750-B27B-8E2F7BD2DFF3}.Release|iPhoneSimulator.Deploy.0 = Release|Any CPU
	EndGlobalSection
	GlobalSection(SolutionProperties) = preSolution
		HideSolutionNode = FALSE
	EndGlobalSection
	GlobalSection(ExtensibilityGlobals) = postSolution
		SolutionGuid = {9C128735-2454-49DC-A5F6-A9BDFDF8D719}
	EndGlobalSection
EndGlobal
